// !$*UTF8*$!
{
	archiveVersion = 1;
	classes = {
	};
	objectVersion = 50;
	objects = {

/* Begin PBXBuildFile section */
		953D5F1426607D76000E7A54 /* AppDelegate.swift in Sources */ = {isa = PBXBuildFile; fileRef = 953D5F1326607D76000E7A54 /* AppDelegate.swift */; };
		953D5F1626607D76000E7A54 /* SceneDelegate.swift in Sources */ = {isa = PBXBuildFile; fileRef = 953D5F1526607D76000E7A54 /* SceneDelegate.swift */; };
		953D5F1B26607D76000E7A54 /* Main.storyboard in Resources */ = {isa = PBXBuildFile; fileRef = 953D5F1926607D76000E7A54 /* Main.storyboard */; };
		953D5F1D26607D7B000E7A54 /* Assets.xcassets in Resources */ = {isa = PBXBuildFile; fileRef = 953D5F1C26607D7B000E7A54 /* Assets.xcassets */; };
		953D5F2026607D7B000E7A54 /* LaunchScreen.storyboard in Resources */ = {isa = PBXBuildFile; fileRef = 953D5F1E26607D7B000E7A54 /* LaunchScreen.storyboard */; };
		953D5F2A2661BC51000E7A54 /* LoginViewController.swift in Sources */ = {isa = PBXBuildFile; fileRef = 953D5F292661BC51000E7A54 /* LoginViewController.swift */; };
		953D5F2C2661BCA6000E7A54 /* MapViewController.swift in Sources */ = {isa = PBXBuildFile; fileRef = 953D5F2B2661BCA6000E7A54 /* MapViewController.swift */; };
		953D5F2E2661BCC8000E7A54 /* ListViewController.swift in Sources */ = {isa = PBXBuildFile; fileRef = 953D5F2D2661BCC8000E7A54 /* ListViewController.swift */; };
		953D5F302661BCED000E7A54 /* AddLocationViewController.swift in Sources */ = {isa = PBXBuildFile; fileRef = 953D5F2F2661BCED000E7A54 /* AddLocationViewController.swift */; };
		953D5F322661BD0D000E7A54 /* FindLocationViewController.swift in Sources */ = {isa = PBXBuildFile; fileRef = 953D5F312661BD0D000E7A54 /* FindLocationViewController.swift */; };
		953D5F342661C6BE000E7A54 /* LocationTableViewCell.swift in Sources */ = {isa = PBXBuildFile; fileRef = 953D5F332661C6BE000E7A54 /* LocationTableViewCell.swift */; };
		953D5F372666EE66000E7A54 /* UdacityClient.swift in Sources */ = {isa = PBXBuildFile; fileRef = 953D5F362666EE66000E7A54 /* UdacityClient.swift */; };
		953D5F3C2666F5F3000E7A54 /* LoginRequest.swift in Sources */ = {isa = PBXBuildFile; fileRef = 953D5F3B2666F5F3000E7A54 /* LoginRequest.swift */; };
		953D5F3E2666F621000E7A54 /* LoginResponse.swift in Sources */ = {isa = PBXBuildFile; fileRef = 953D5F3D2666F621000E7A54 /* LoginResponse.swift */; };
		953D5F402668435A000E7A54 /* StudentLocation.swift in Sources */ = {isa = PBXBuildFile; fileRef = 953D5F3F2668435A000E7A54 /* StudentLocation.swift */; };
		953D5F4226686AA6000E7A54 /* StudentLocationResults.swift in Sources */ = {isa = PBXBuildFile; fileRef = 953D5F4126686AA6000E7A54 /* StudentLocationResults.swift */; };
/* End PBXBuildFile section */

/* Begin PBXFileReference section */
		953D5F1026607D76000E7A54 /* OnTheMap.app */ = {isa = PBXFileReference; explicitFileType = wrapper.application; includeInIndex = 0; path = OnTheMap.app; sourceTree = BUILT_PRODUCTS_DIR; };
		953D5F1326607D76000E7A54 /* AppDelegate.swift */ = {isa = PBXFileReference; lastKnownFileType = sourcecode.swift; path = AppDelegate.swift; sourceTree = "<group>"; };
		953D5F1526607D76000E7A54 /* SceneDelegate.swift */ = {isa = PBXFileReference; lastKnownFileType = sourcecode.swift; path = SceneDelegate.swift; sourceTree = "<group>"; };
		953D5F1A26607D76000E7A54 /* Base */ = {isa = PBXFileReference; lastKnownFileType = file.storyboard; name = Base; path = Base.lproj/Main.storyboard; sourceTree = "<group>"; };
		953D5F1C26607D7B000E7A54 /* Assets.xcassets */ = {isa = PBXFileReference; lastKnownFileType = folder.assetcatalog; path = Assets.xcassets; sourceTree = "<group>"; };
		953D5F1F26607D7B000E7A54 /* Base */ = {isa = PBXFileReference; lastKnownFileType = file.storyboard; name = Base; path = Base.lproj/LaunchScreen.storyboard; sourceTree = "<group>"; };
		953D5F2126607D7B000E7A54 /* Info.plist */ = {isa = PBXFileReference; lastKnownFileType = text.plist.xml; path = Info.plist; sourceTree = "<group>"; };
		953D5F292661BC51000E7A54 /* LoginViewController.swift */ = {isa = PBXFileReference; lastKnownFileType = sourcecode.swift; path = LoginViewController.swift; sourceTree = "<group>"; };
		953D5F2B2661BCA6000E7A54 /* MapViewController.swift */ = {isa = PBXFileReference; lastKnownFileType = sourcecode.swift; path = MapViewController.swift; sourceTree = "<group>"; };
		953D5F2D2661BCC8000E7A54 /* ListViewController.swift */ = {isa = PBXFileReference; lastKnownFileType = sourcecode.swift; path = ListViewController.swift; sourceTree = "<group>"; };
		953D5F2F2661BCED000E7A54 /* AddLocationViewController.swift */ = {isa = PBXFileReference; lastKnownFileType = sourcecode.swift; path = AddLocationViewController.swift; sourceTree = "<group>"; };
		953D5F312661BD0D000E7A54 /* FindLocationViewController.swift */ = {isa = PBXFileReference; lastKnownFileType = sourcecode.swift; path = FindLocationViewController.swift; sourceTree = "<group>"; };
		953D5F332661C6BE000E7A54 /* LocationTableViewCell.swift */ = {isa = PBXFileReference; lastKnownFileType = sourcecode.swift; path = LocationTableViewCell.swift; sourceTree = "<group>"; };
		953D5F362666EE66000E7A54 /* UdacityClient.swift */ = {isa = PBXFileReference; lastKnownFileType = sourcecode.swift; path = UdacityClient.swift; sourceTree = "<group>"; };
		953D5F3B2666F5F3000E7A54 /* LoginRequest.swift */ = {isa = PBXFileReference; lastKnownFileType = sourcecode.swift; path = LoginRequest.swift; sourceTree = "<group>"; };
		953D5F3D2666F621000E7A54 /* LoginResponse.swift */ = {isa = PBXFileReference; lastKnownFileType = sourcecode.swift; path = LoginResponse.swift; sourceTree = "<group>"; };
		953D5F3F2668435A000E7A54 /* StudentLocation.swift */ = {isa = PBXFileReference; lastKnownFileType = sourcecode.swift; path = StudentLocation.swift; sourceTree = "<group>"; };
		953D5F4126686AA6000E7A54 /* StudentLocationResults.swift */ = {isa = PBXFileReference; lastKnownFileType = sourcecode.swift; path = StudentLocationResults.swift; sourceTree = "<group>"; };
/* End PBXFileReference section */

/* Begin PBXFrameworksBuildPhase section */
		953D5F0D26607D76000E7A54 /* Frameworks */ = {
			isa = PBXFrameworksBuildPhase;
			buildActionMask = 2147483647;
			files = (
			);
			runOnlyForDeploymentPostprocessing = 0;
		};
/* End PBXFrameworksBuildPhase section */

/* Begin PBXGroup section */
		953D5F0726607D76000E7A54 = {
			isa = PBXGroup;
			children = (
				953D5F1226607D76000E7A54 /* OnTheMap */,
				953D5F1126607D76000E7A54 /* Products */,
			);
			sourceTree = "<group>";
		};
		953D5F1126607D76000E7A54 /* Products */ = {
			isa = PBXGroup;
			children = (
				953D5F1026607D76000E7A54 /* OnTheMap.app */,
			);
			name = Products;
			sourceTree = "<group>";
		};
		953D5F1226607D76000E7A54 /* OnTheMap */ = {
			isa = PBXGroup;
			children = (
				953D5F1326607D76000E7A54 /* AppDelegate.swift */,
				953D5F1526607D76000E7A54 /* SceneDelegate.swift */,
				953D5F432669BA7E000E7A54 /* Model */,
				953D5F2826607E97000E7A54 /* View Controller */,
				953D5F2726607DC1000E7A54 /* Assets */,
				953D5F2126607D7B000E7A54 /* Info.plist */,
			);
			path = OnTheMap;
			sourceTree = "<group>";
		};
		953D5F2726607DC1000E7A54 /* Assets */ = {
			isa = PBXGroup;
			children = (
				953D5F1926607D76000E7A54 /* Main.storyboard */,
				953D5F1C26607D7B000E7A54 /* Assets.xcassets */,
				953D5F1E26607D7B000E7A54 /* LaunchScreen.storyboard */,
			);
			path = Assets;
			sourceTree = "<group>";
		};
		953D5F2826607E97000E7A54 /* View Controller */ = {
			isa = PBXGroup;
			children = (
				953D5F292661BC51000E7A54 /* LoginViewController.swift */,
				953D5F2B2661BCA6000E7A54 /* MapViewController.swift */,
				953D5F2D2661BCC8000E7A54 /* ListViewController.swift */,
				953D5F2F2661BCED000E7A54 /* AddLocationViewController.swift */,
				953D5F312661BD0D000E7A54 /* FindLocationViewController.swift */,
				953D5F352661C6CA000E7A54 /* View */,
			);
			path = "View Controller";
			sourceTree = "<group>";
		};
		953D5F352661C6CA000E7A54 /* View */ = {
			isa = PBXGroup;
			children = (
				953D5F332661C6BE000E7A54 /* LocationTableViewCell.swift */,
			);
			path = View;
			sourceTree = "<group>";
		};
		953D5F382666EE6F000E7A54 /* UdacityClient */ = {
			isa = PBXGroup;
			children = (
				953D5F362666EE66000E7A54 /* UdacityClient.swift */,
			);
			path = UdacityClient;
			sourceTree = "<group>";
		};
		953D5F392666F0B5000E7A54 /* Requests */ = {
			isa = PBXGroup;
			children = (
				953D5F3B2666F5F3000E7A54 /* LoginRequest.swift */,
			);
			path = Requests;
			sourceTree = "<group>";
		};
		953D5F3A2666F0CE000E7A54 /* Responses */ = {
			isa = PBXGroup;
			children = (
				953D5F3D2666F621000E7A54 /* LoginResponse.swift */,
				953D5F3F2668435A000E7A54 /* StudentLocation.swift */,
				953D5F4126686AA6000E7A54 /* StudentLocationResults.swift */,
			);
			path = Responses;
			sourceTree = "<group>";
		};
		953D5F432669BA7E000E7A54 /* Model */ = {
			isa = PBXGroup;
			children = (
				953D5F382666EE6F000E7A54 /* UdacityClient */,
				953D5F392666F0B5000E7A54 /* Requests */,
				953D5F3A2666F0CE000E7A54 /* Responses */,
			);
			path = Model;
			sourceTree = "<group>";
		};
/* End PBXGroup section */

/* Begin PBXNativeTarget section */
		953D5F0F26607D76000E7A54 /* OnTheMap */ = {
			isa = PBXNativeTarget;
			buildConfigurationList = 953D5F2426607D7B000E7A54 /* Build configuration list for PBXNativeTarget "OnTheMap" */;
			buildPhases = (
				953D5F0C26607D76000E7A54 /* Sources */,
				953D5F0D26607D76000E7A54 /* Frameworks */,
				953D5F0E26607D76000E7A54 /* Resources */,
			);
			buildRules = (
			);
			dependencies = (
			);
			name = OnTheMap;
			productName = OnTheMap;
			productReference = 953D5F1026607D76000E7A54 /* OnTheMap.app */;
			productType = "com.apple.product-type.application";
		};
/* End PBXNativeTarget section */

/* Begin PBXProject section */
		953D5F0826607D76000E7A54 /* Project object */ = {
			isa = PBXProject;
			attributes = {
				LastSwiftUpdateCheck = 1250;
				LastUpgradeCheck = 1250;
				TargetAttributes = {
					953D5F0F26607D76000E7A54 = {
						CreatedOnToolsVersion = 12.5;
					};
				};
			};
			buildConfigurationList = 953D5F0B26607D76000E7A54 /* Build configuration list for PBXProject "OnTheMap" */;
			compatibilityVersion = "Xcode 9.3";
			developmentRegion = en;
			hasScannedForEncodings = 0;
			knownRegions = (
				en,
				Base,
			);
			mainGroup = 953D5F0726607D76000E7A54;
			productRefGroup = 953D5F1126607D76000E7A54 /* Products */;
			projectDirPath = "";
			projectRoot = "";
			targets = (
				953D5F0F26607D76000E7A54 /* OnTheMap */,
			);
		};
/* End PBXProject section */

/* Begin PBXResourcesBuildPhase section */
		953D5F0E26607D76000E7A54 /* Resources */ = {
			isa = PBXResourcesBuildPhase;
			buildActionMask = 2147483647;
			files = (
				953D5F2026607D7B000E7A54 /* LaunchScreen.storyboard in Resources */,
				953D5F1D26607D7B000E7A54 /* Assets.xcassets in Resources */,
				953D5F1B26607D76000E7A54 /* Main.storyboard in Resources */,
			);
			runOnlyForDeploymentPostprocessing = 0;
		};
/* End PBXResourcesBuildPhase section */

/* Begin PBXSourcesBuildPhase section */
		953D5F0C26607D76000E7A54 /* Sources */ = {
			isa = PBXSourcesBuildPhase;
			buildActionMask = 2147483647;
			files = (
				953D5F402668435A000E7A54 /* StudentLocation.swift in Sources */,
				953D5F4226686AA6000E7A54 /* StudentLocationResults.swift in Sources */,
				953D5F2A2661BC51000E7A54 /* LoginViewController.swift in Sources */,
				953D5F302661BCED000E7A54 /* AddLocationViewController.swift in Sources */,
				953D5F342661C6BE000E7A54 /* LocationTableViewCell.swift in Sources */,
				953D5F3C2666F5F3000E7A54 /* LoginRequest.swift in Sources */,
				953D5F1426607D76000E7A54 /* AppDelegate.swift in Sources */,
				953D5F1626607D76000E7A54 /* SceneDelegate.swift in Sources */,
				953D5F2E2661BCC8000E7A54 /* ListViewController.swift in Sources */,
				953D5F2C2661BCA6000E7A54 /* MapViewController.swift in Sources */,
				953D5F322661BD0D000E7A54 /* FindLocationViewController.swift in Sources */,
				953D5F3E2666F621000E7A54 /* LoginResponse.swift in Sources */,
				953D5F372666EE66000E7A54 /* UdacityClient.swift in Sources */,
			);
			runOnlyForDeploymentPostprocessing = 0;
		};
/* End PBXSourcesBuildPhase section */

/* Begin PBXVariantGroup section */
		953D5F1926607D76000E7A54 /* Main.storyboard */ = {
			isa = PBXVariantGroup;
			children = (
				953D5F1A26607D76000E7A54 /* Base */,
			);
			name = Main.storyboard;
			sourceTree = "<group>";
		};
		953D5F1E26607D7B000E7A54 /* LaunchScreen.storyboard */ = {
			isa = PBXVariantGroup;
			children = (
				953D5F1F26607D7B000E7A54 /* Base */,
			);
			name = LaunchScreen.storyboard;
			sourceTree = "<group>";
		};
/* End PBXVariantGroup section */

/* Begin XCBuildConfiguration section */
		953D5F2226607D7B000E7A54 /* Debug */ = {
			isa = XCBuildConfiguration;
			buildSettings = {
				ALWAYS_SEARCH_USER_PATHS = NO;
				CLANG_ANALYZER_NONNULL = YES;
				CLANG_ANALYZER_NUMBER_OBJECT_CONVERSION = YES_AGGRESSIVE;
				CLANG_CXX_LANGUAGE_STANDARD = "gnu++14";
				CLANG_CXX_LIBRARY = "libc++";
				CLANG_ENABLE_MODULES = YES;
				CLANG_ENABLE_OBJC_ARC = YES;
				CLANG_ENABLE_OBJC_WEAK = YES;
				CLANG_WARN_BLOCK_CAPTURE_AUTORELEASING = YES;
				CLANG_WARN_BOOL_CONVERSION = YES;
				CLANG_WARN_COMMA = YES;
				CLANG_WARN_CONSTANT_CONVERSION = YES;
				CLANG_WARN_DEPRECATED_OBJC_IMPLEMENTATIONS = YES;
				CLANG_WARN_DIRECT_OBJC_ISA_USAGE = YES_ERROR;
				CLANG_WARN_DOCUMENTATION_COMMENTS = YES;
				CLANG_WARN_EMPTY_BODY = YES;
				CLANG_WARN_ENUM_CONVERSION = YES;
				CLANG_WARN_INFINITE_RECURSION = YES;
				CLANG_WARN_INT_CONVERSION = YES;
				CLANG_WARN_NON_LITERAL_NULL_CONVERSION = YES;
				CLANG_WARN_OBJC_IMPLICIT_RETAIN_SELF = YES;
				CLANG_WARN_OBJC_LITERAL_CONVERSION = YES;
				CLANG_WARN_OBJC_ROOT_CLASS = YES_ERROR;
				CLANG_WARN_QUOTED_INCLUDE_IN_FRAMEWORK_HEADER = YES;
				CLANG_WARN_RANGE_LOOP_ANALYSIS = YES;
				CLANG_WARN_STRICT_PROTOTYPES = YES;
				CLANG_WARN_SUSPICIOUS_MOVE = YES;
				CLANG_WARN_UNGUARDED_AVAILABILITY = YES_AGGRESSIVE;
				CLANG_WARN_UNREACHABLE_CODE = YES;
				CLANG_WARN__DUPLICATE_METHOD_MATCH = YES;
				COPY_PHASE_STRIP = NO;
				DEBUG_INFORMATION_FORMAT = dwarf;
				ENABLE_STRICT_OBJC_MSGSEND = YES;
				ENABLE_TESTABILITY = YES;
				GCC_C_LANGUAGE_STANDARD = gnu11;
				GCC_DYNAMIC_NO_PIC = NO;
				GCC_NO_COMMON_BLOCKS = YES;
				GCC_OPTIMIZATION_LEVEL = 0;
				GCC_PREPROCESSOR_DEFINITIONS = (
					"DEBUG=1",
					"$(inherited)",
				);
				GCC_WARN_64_TO_32_BIT_CONVERSION = YES;
				GCC_WARN_ABOUT_RETURN_TYPE = YES_ERROR;
				GCC_WARN_UNDECLARED_SELECTOR = YES;
				GCC_WARN_UNINITIALIZED_AUTOS = YES_AGGRESSIVE;
				GCC_WARN_UNUSED_FUNCTION = YES;
				GCC_WARN_UNUSED_VARIABLE = YES;
				IPHONEOS_DEPLOYMENT_TARGET = 14.5;
				MTL_ENABLE_DEBUG_INFO = INCLUDE_SOURCE;
				MTL_FAST_MATH = YES;
				ONLY_ACTIVE_ARCH = YES;
				SDKROOT = iphoneos;
				SWIFT_ACTIVE_COMPILATION_CONDITIONS = DEBUG;
				SWIFT_OPTIMIZATION_LEVEL = "-Onone";
			};
			name = Debug;
		};
		953D5F2326607D7B000E7A54 /* Release */ = {
			isa = XCBuildConfiguration;
			buildSettings = {
				ALWAYS_SEARCH_USER_PATHS = NO;
				CLANG_ANALYZER_NONNULL = YES;
				CLANG_ANALYZER_NUMBER_OBJECT_CONVERSION = YES_AGGRESSIVE;
				CLANG_CXX_LANGUAGE_STANDARD = "gnu++14";
				CLANG_CXX_LIBRARY = "libc++";
				CLANG_ENABLE_MODULES = YES;
				CLANG_ENABLE_OBJC_ARC = YES;
				CLANG_ENABLE_OBJC_WEAK = YES;
				CLANG_WARN_BLOCK_CAPTURE_AUTORELEASING = YES;
				CLANG_WARN_BOOL_CONVERSION = YES;
				CLANG_WARN_COMMA = YES;
				CLANG_WARN_CONSTANT_CONVERSION = YES;
				CLANG_WARN_DEPRECATED_OBJC_IMPLEMENTATIONS = YES;
				CLANG_WARN_DIRECT_OBJC_ISA_USAGE = YES_ERROR;
				CLANG_WARN_DOCUMENTATION_COMMENTS = YES;
				CLANG_WARN_EMPTY_BODY = YES;
				CLANG_WARN_ENUM_CONVERSION = YES;
				CLANG_WARN_INFINITE_RECURSION = YES;
				CLANG_WARN_INT_CONVERSION = YES;
				CLANG_WARN_NON_LITERAL_NULL_CONVERSION = YES;
				CLANG_WARN_OBJC_IMPLICIT_RETAIN_SELF = YES;
				CLANG_WARN_OBJC_LITERAL_CONVERSION = YES;
				CLANG_WARN_OBJC_ROOT_CLASS = YES_ERROR;
				CLANG_WARN_QUOTED_INCLUDE_IN_FRAMEWORK_HEADER = YES;
				CLANG_WARN_RANGE_LOOP_ANALYSIS = YES;
				CLANG_WARN_STRICT_PROTOTYPES = YES;
				CLANG_WARN_SUSPICIOUS_MOVE = YES;
				CLANG_WARN_UNGUARDED_AVAILABILITY = YES_AGGRESSIVE;
				CLANG_WARN_UNREACHABLE_CODE = YES;
				CLANG_WARN__DUPLICATE_METHOD_MATCH = YES;
				COPY_PHASE_STRIP = NO;
				DEBUG_INFORMATION_FORMAT = "dwarf-with-dsym";
				ENABLE_NS_ASSERTIONS = NO;
				ENABLE_STRICT_OBJC_MSGSEND = YES;
				GCC_C_LANGUAGE_STANDARD = gnu11;
				GCC_NO_COMMON_BLOCKS = YES;
				GCC_WARN_64_TO_32_BIT_CONVERSION = YES;
				GCC_WARN_ABOUT_RETURN_TYPE = YES_ERROR;
				GCC_WARN_UNDECLARED_SELECTOR = YES;
				GCC_WARN_UNINITIALIZED_AUTOS = YES_AGGRESSIVE;
				GCC_WARN_UNUSED_FUNCTION = YES;
				GCC_WARN_UNUSED_VARIABLE = YES;
				IPHONEOS_DEPLOYMENT_TARGET = 14.5;
				MTL_ENABLE_DEBUG_INFO = NO;
				MTL_FAST_MATH = YES;
				SDKROOT = iphoneos;
				SWIFT_COMPILATION_MODE = wholemodule;
				SWIFT_OPTIMIZATION_LEVEL = "-O";
				VALIDATE_PRODUCT = YES;
			};
			name = Release;
		};
		953D5F2526607D7B000E7A54 /* Debug */ = {
			isa = XCBuildConfiguration;
			buildSettings = {
				ASSETCATALOG_COMPILER_APPICON_NAME = AppIcon;
				ASSETCATALOG_COMPILER_GLOBAL_ACCENT_COLOR_NAME = AccentColor;
				CODE_SIGN_STYLE = Automatic;
				DEVELOPMENT_TEAM = CS38HA4SPQ;
				INFOPLIST_FILE = OnTheMap/Info.plist;
				LD_RUNPATH_SEARCH_PATHS = (
					"$(inherited)",
					"@executable_path/Frameworks",
				);
				PRODUCT_BUNDLE_IDENTIFIER = com.nihalerdal.OnTheMap;
				PRODUCT_NAME = "$(TARGET_NAME)";
				SWIFT_VERSION = 5.0;
				TARGETED_DEVICE_FAMILY = "1,2";
			};
			name = Debug;
		};
		953D5F2626607D7B000E7A54 /* Release */ = {
			isa = XCBuildConfiguration;
			buildSettings = {
				ASSETCATALOG_COMPILER_APPICON_NAME = AppIcon;
				ASSETCATALOG_COMPILER_GLOBAL_ACCENT_COLOR_NAME = AccentColor;
				CODE_SIGN_STYLE = Automatic;
				DEVELOPMENT_TEAM = CS38HA4SPQ;
				INFOPLIST_FILE = OnTheMap/Info.plist;
				LD_RUNPATH_SEARCH_PATHS = (
					"$(inherited)",
					"@executable_path/Frameworks",
				);
				PRODUCT_BUNDLE_IDENTIFIER = com.nihalerdal.OnTheMap;
				PRODUCT_NAME = "$(TARGET_NAME)";
				SWIFT_VERSION = 5.0;
				TARGETED_DEVICE_FAMILY = "1,2";
			};
			name = Release;
		};
/* End XCBuildConfiguration section */

/* Begin XCConfigurationList section */
		953D5F0B26607D76000E7A54 /* Build configuration list for PBXProject "OnTheMap" */ = {
			isa = XCConfigurationList;
			buildConfigurations = (
				953D5F2226607D7B000E7A54 /* Debug */,
				953D5F2326607D7B000E7A54 /* Release */,
			);
			defaultConfigurationIsVisible = 0;
			defaultConfigurationName = Release;
		};
		953D5F2426607D7B000E7A54 /* Build configuration list for PBXNativeTarget "OnTheMap" */ = {
			isa = XCConfigurationList;
			buildConfigurations = (
				953D5F2526607D7B000E7A54 /* Debug */,
				953D5F2626607D7B000E7A54 /* Release */,
			);
			defaultConfigurationIsVisible = 0;
			defaultConfigurationName = Release;
		};
/* End XCConfigurationList section */
	};
	rootObject = 953D5F0826607D76000E7A54 /* Project object */;
}
